
Microsoft Visual Studio Solution File, Format Version 12.00
# Visual Studio Version 17
VisualStudioVersion = 17.0.31903.59
MinimumVisualStudioVersion = 10.0.40219.1
Project("{FAE04EC0-301F-11D3-BF4B-00C04F79EFBC}") = "API", "API\API.csproj", "{29CC6DB8-2608-4BD6-BB22-7202ABD91240}"
EndProject
Project("{FAE04EC0-301F-11D3-BF4B-00C04F79EFBC}") = "Application", "Application\Application.csproj", "{575DCC5A-0F0B-4BE8-92EB-7A53CD11C9EF}"
EndProject
Project("{FAE04EC0-301F-11D3-BF4B-00C04F79EFBC}") = "Domain", "Domain\Domain.csproj", "{D56953B5-2FD3-42A7-989E-5E9ABFF479F1}"
EndProject
Project("{FAE04EC0-301F-11D3-BF4B-00C04F79EFBC}") = "Persistence", "Persistence\Persistence.csproj", "{9DDF6FB8-2CAF-459B-85C4-89F2AA0214C7}"
EndProject
Global
	GlobalSection(SolutionConfigurationPlatforms) = preSolution
		Debug|Any CPU = Debug|Any CPU
		Release|Any CPU = Release|Any CPU
	EndGlobalSection
	GlobalSection(SolutionProperties) = preSolution
		HideSolutionNode = FALSE
	EndGlobalSection
	GlobalSection(ProjectConfigurationPlatforms) = postSolution
		{29CC6DB8-2608-4BD6-BB22-7202ABD91240}.Debug|Any CPU.ActiveCfg = Debug|Any CPU
		{29CC6DB8-2608-4BD6-BB22-7202ABD91240}.Debug|Any CPU.Build.0 = Debug|Any CPU
		{29CC6DB8-2608-4BD6-BB22-7202ABD91240}.Release|Any CPU.ActiveCfg = Release|Any CPU
		{29CC6DB8-2608-4BD6-BB22-7202ABD91240}.Release|Any CPU.Build.0 = Release|Any CPU
		{575DCC5A-0F0B-4BE8-92EB-7A53CD11C9EF}.Debug|Any CPU.ActiveCfg = Debug|Any CPU
		{575DCC5A-0F0B-4BE8-92EB-7A53CD11C9EF}.Debug|Any CPU.Build.0 = Debug|Any CPU
		{575DCC5A-0F0B-4BE8-92EB-7A53CD11C9EF}.Release|Any CPU.ActiveCfg = Release|Any CPU
		{575DCC5A-0F0B-4BE8-92EB-7A53CD11C9EF}.Release|Any CPU.Build.0 = Release|Any CPU
		{D56953B5-2FD3-42A7-989E-5E9ABFF479F1}.Debug|Any CPU.ActiveCfg = Debug|Any CPU
		{D56953B5-2FD3-42A7-989E-5E9ABFF479F1}.Debug|Any CPU.Build.0 = Debug|Any CPU
		{D56953B5-2FD3-42A7-989E-5E9ABFF479F1}.Release|Any CPU.ActiveCfg = Release|Any CPU
		{D56953B5-2FD3-42A7-989E-5E9ABFF479F1}.Release|Any CPU.Build.0 = Release|Any CPU
		{9DDF6FB8-2CAF-459B-85C4-89F2AA0214C7}.Debug|Any CPU.ActiveCfg = Debug|Any CPU
		{9DDF6FB8-2CAF-459B-85C4-89F2AA0214C7}.Debug|Any CPU.Build.0 = Debug|Any CPU
		{9DDF6FB8-2CAF-459B-85C4-89F2AA0214C7}.Release|Any CPU.ActiveCfg = Release|Any CPU
		{9DDF6FB8-2CAF-459B-85C4-89F2AA0214C7}.Release|Any CPU.Build.0 = Release|Any CPU
	EndGlobalSection
EndGlobal
